
Microsoft Visual Studio Solution File, Format Version 12.00
# Visual Studio 14
VisualStudioVersion = 14.0.25123.0
MinimumVisualStudioVersion = 10.0.40219.1
Project("{FAE04EC0-301F-11D3-BF4B-00C04F79EFBC}") = "WeddingManager.Api", "WeddingManager.Api\WeddingManager.Api.csproj", "{F4B40886-BA71-43E2-8E51-5F980315C6A6}"
EndProject
Project("{FAE04EC0-301F-11D3-BF4B-00C04F79EFBC}") = "WeddingManager.Core", "WeddingManager.Core\WeddingManager.Core.csproj", "{3B100413-18D1-48CE-86BC-237F6018206E}"
EndProject
Project("{FAE04EC0-301F-11D3-BF4B-00C04F79EFBC}") = "WeddingManager.Services", "WeddingManager.Services\WeddingManager.Services.csproj", "{C8E09DF7-2695-4B2B-BBA7-B19DBADF5DFD}"
EndProject
Project("{FAE04EC0-301F-11D3-BF4B-00C04F79EFBC}") = "WeddingManager.Repositories", "WeddingManager.Repositories\WeddingManager.Repositories.csproj", "{474E5141-0AEF-49E6-97A2-6FF78290A1DB}"
EndProject
Project("{00D1A9C2-B5F0-4AF3-8072-F6C62B433612}") = "WeddingManager.Database", "WeddingManager.Database\WeddingManager.Database.sqlproj", "{C206F3EC-F843-4525-928C-67B1C5734D71}"
EndProject
Project("{FAE04EC0-301F-11D3-BF4B-00C04F79EFBC}") = "WeddingManager.Entities", "WeddingManager.Entities\WeddingManager.Entities.csproj", "{22762FF7-BB1D-4D83-BC44-A59183CD8410}"
EndProject
Global
	GlobalSection(SolutionConfigurationPlatforms) = preSolution
		Debug|Any CPU = Debug|Any CPU
		Release|Any CPU = Release|Any CPU
	EndGlobalSection
	GlobalSection(ProjectConfigurationPlatforms) = postSolution
		{F4B40886-BA71-43E2-8E51-5F980315C6A6}.Debug|Any CPU.ActiveCfg = Debug|Any CPU
		{F4B40886-BA71-43E2-8E51-5F980315C6A6}.Debug|Any CPU.Build.0 = Debug|Any CPU
		{F4B40886-BA71-43E2-8E51-5F980315C6A6}.Release|Any CPU.ActiveCfg = Release|Any CPU
		{F4B40886-BA71-43E2-8E51-5F980315C6A6}.Release|Any CPU.Build.0 = Release|Any CPU
		{3B100413-18D1-48CE-86BC-237F6018206E}.Debug|Any CPU.ActiveCfg = Debug|Any CPU
		{3B100413-18D1-48CE-86BC-237F6018206E}.Debug|Any CPU.Build.0 = Debug|Any CPU
		{3B100413-18D1-48CE-86BC-237F6018206E}.Release|Any CPU.ActiveCfg = Release|Any CPU
		{3B100413-18D1-48CE-86BC-237F6018206E}.Release|Any CPU.Build.0 = Release|Any CPU
		{C8E09DF7-2695-4B2B-BBA7-B19DBADF5DFD}.Debug|Any CPU.ActiveCfg = Debug|Any CPU
		{C8E09DF7-2695-4B2B-BBA7-B19DBADF5DFD}.Debug|Any CPU.Build.0 = Debug|Any CPU
		{C8E09DF7-2695-4B2B-BBA7-B19DBADF5DFD}.Release|Any CPU.ActiveCfg = Release|Any CPU
		{C8E09DF7-2695-4B2B-BBA7-B19DBADF5DFD}.Release|Any CPU.Build.0 = Release|Any CPU
		{474E5141-0AEF-49E6-97A2-6FF78290A1DB}.Debug|Any CPU.ActiveCfg = Debug|Any CPU
		{474E5141-0AEF-49E6-97A2-6FF78290A1DB}.Debug|Any CPU.Build.0 = Debug|Any CPU
		{474E5141-0AEF-49E6-97A2-6FF78290A1DB}.Release|Any CPU.ActiveCfg = Release|Any CPU
		{474E5141-0AEF-49E6-97A2-6FF78290A1DB}.Release|Any CPU.Build.0 = Release|Any CPU
		{C206F3EC-F843-4525-928C-67B1C5734D71}.Debug|Any CPU.ActiveCfg = Debug|Any CPU
		{C206F3EC-F843-4525-928C-67B1C5734D71}.Debug|Any CPU.Build.0 = Debug|Any CPU
		{C206F3EC-F843-4525-928C-67B1C5734D71}.Debug|Any CPU.Deploy.0 = Debug|Any CPU
		{C206F3EC-F843-4525-928C-67B1C5734D71}.Release|Any CPU.ActiveCfg = Release|Any CPU
		{C206F3EC-F843-4525-928C-67B1C5734D71}.Release|Any CPU.Build.0 = Release|Any CPU
		{C206F3EC-F843-4525-928C-67B1C5734D71}.Release|Any CPU.Deploy.0 = Release|Any CPU
		{22762FF7-BB1D-4D83-BC44-A59183CD8410}.Debug|Any CPU.ActiveCfg = Debug|Any CPU
		{22762FF7-BB1D-4D83-BC44-A59183CD8410}.Debug|Any CPU.Build.0 = Debug|Any CPU
		{22762FF7-BB1D-4D83-BC44-A59183CD8410}.Release|Any CPU.ActiveCfg = Release|Any CPU
		{22762FF7-BB1D-4D83-BC44-A59183CD8410}.Release|Any CPU.Build.0 = Release|Any CPU
	EndGlobalSection
	GlobalSection(SolutionProperties) = preSolution
		HideSolutionNode = FALSE
	EndGlobalSection
EndGlobal
